{
  "name": "location-server",
  "version": "1.0.0",
  "lockfileVersion": 1,
  "requires": true,
  "dependencies": {
    "base64-js": {
      "version": "1.3.0",
      "resolved": "https://registry.npmjs.org/base64-js/-/base64-js-1.3.0.tgz",
      "integrity": "sha512-ccav/yGvoa80BQDljCxsmmQ3Xvx60/UpBIij5QN21W3wBi/hhIC9OoO+KLpu9IJTS9j4DRVJ3aDDF9cMSoa2lw=="
    },
    "bson": {
      "version": "4.0.0",
      "resolved": "https://registry.npmjs.org/bson/-/bson-4.0.0.tgz",
      "integrity": "sha512-303qcGsM1cosFi2xYlHViuGTHpC+gDf59aWcxB+/GZY4skzXG6ta2mw6OPlBOA4mtOyZJMvgp4IWdbmXs4tKpw==",
      "requires": {
        "buffer": "^5.1.0",
        "long": "^4.0.0"
      }
    },
    "buffer": {
      "version": "5.2.1",
      "resolved": "https://registry.npmjs.org/buffer/-/buffer-5.2.1.tgz",
      "integrity": "sha512-c+Ko0loDaFfuPWiL02ls9Xd3GO3cPVmUobQ6t3rXNUk304u6hGq+8N/kFi+QEIKhzK3uwolVhLzszmfLmMLnqg==",
      "requires": {
        "base64-js": "^1.0.2",
        "ieee754": "^1.1.4"
      }
    },
    "cross-fetch": {
      "version": "2.2.3",
      "resolved": "https://registry.npmjs.org/cross-fetch/-/cross-fetch-2.2.3.tgz",
      "integrity": "sha512-PrWWNH3yL2NYIb/7WF/5vFG3DCQiXDOVf8k3ijatbrtnwNuhMWLC7YF7uqf53tbTFDzHIUD8oITw4Bxt8ST3Nw==",
      "requires": {
        "node-fetch": "2.1.2",
        "whatwg-fetch": "2.0.4"
      }
    },
    "delay": {
      "version": "4.1.0",
      "resolved": "https://registry.npmjs.org/delay/-/delay-4.1.0.tgz",
      "integrity": "sha512-8Hea6/aOu3bPdDBQhSRUEUzF0QwuWmSPuIK+sxNdvcJtSfzb6HXrTd9DFJBCJcV9o83fFECqTgllqdnmUfq9+w=="
    },
    "fs-extra": {
      "version": "6.0.1",
      "resolved": "https://registry.npmjs.org/fs-extra/-/fs-extra-6.0.1.tgz",
      "integrity": "sha512-GnyIkKhhzXZUWFCaJzvyDLEEgDkPfb4/TPvJCJVuS8MWZgoSsErf++QpiAlDnKFcqhRlm+tIOcencCjyJE6ZCA==",
      "requires": {
        "graceful-fs": "^4.1.2",
        "jsonfile": "^4.0.0",
        "universalify": "^0.1.0"
      }
    },
    "graceful-fs": {
      "version": "4.1.15",
      "resolved": "https://registry.npmjs.org/graceful-fs/-/graceful-fs-4.1.15.tgz",
      "integrity": "sha512-6uHUhOPEBgQ24HM+r6b/QwWfZq+yiFcipKFrOFiBEnWdy5sdzYoi+pJeQaPI5qOLRFqWmAXUPQNsielzdLoecA=="
    },
    "ieee754": {
      "version": "1.1.12",
      "resolved": "https://registry.npmjs.org/ieee754/-/ieee754-1.1.12.tgz",
      "integrity": "sha512-GguP+DRY+pJ3soyIiGPTvdiVXjZ+DbXOxGpXn3eMvNW4x4irjqXm4wHKscC+TfxSJ0yw/S1F24tqdMNsMZTiLA=="
    },
    "jsonfile": {
      "version": "4.0.0",
      "resolved": "https://registry.npmjs.org/jsonfile/-/jsonfile-4.0.0.tgz",
      "integrity": "sha1-h3Gq4HmbZAdrdmQPygWPnBDjPss=",
      "requires": {
        "graceful-fs": "^4.1.6"
      }
    },
    "lodash": {
      "version": "4.17.11",
      "resolved": "https://registry.npmjs.org/lodash/-/lodash-4.17.11.tgz",
      "integrity": "sha512-cQKh8igo5QUhZ7lg38DYWAxMvjSAKG0A8wGSVimP07SIUEK2UO+arSRKbRZWtelMtN5V0Hkwh5ryOto/SshYIg=="
    },
    "long": {
      "version": "4.0.0",
      "resolved": "https://registry.npmjs.org/long/-/long-4.0.0.tgz",
      "integrity": "sha512-XsP+KhQif4bjX1kbuSiySJFNAehNxgLb6hPRGJ9QsUr8ajHkuXGdrHmFUTUUXhDwVX2R5bY4JNZEwbUiMhV+MA=="
    },
    "mongodb-stitch-core-sdk": {
      "version": "4.1.0",
      "resolved": "https://registry.npmjs.org/mongodb-stitch-core-sdk/-/mongodb-stitch-core-sdk-4.1.0.tgz",
      "integrity": "sha512-bMkr9e94Zk1v2vpnlxueUULyjVDnfmwsORUORkKi07DKiHHfO1/CscHslAIMYZyHtSPkPfU8kW7OFqXMLD7bqA==",
      "requires": {
        "base64-js": "^1.3.0",
        "bson": "4.0.0",
        "cross-fetch": "^2.2.3"
      }
    },
    "mongodb-stitch-core-services-mongodb-remote": {
      "version": "4.1.0",
      "resolved": "https://registry.npmjs.org/mongodb-stitch-core-services-mongodb-remote/-/mongodb-stitch-core-services-mongodb-remote-4.1.0.tgz",
      "integrity": "sha512-I7XTi/qujs0Iss7D159W8Ur7dYoOk8Lrh7hZSS8beaGCMrNoFHG301soi9spFihYZQRdIcXRh9qhVj5bKtOsiw==",
      "requires": {
        "bson": "4.0.0",
        "mongodb-stitch-core-sdk": "^4.1.0"
      }
    },
    "mongodb-stitch-server-core": {
      "version": "4.1.0",
      "resolved": "https://registry.npmjs.org/mongodb-stitch-server-core/-/mongodb-stitch-server-core-4.1.0.tgz",
      "integrity": "sha512-BRFrswNJpKQLEI5rP+ng5CTVHkMuIMCYMA+x2pRhCuhhL3JPqRWu+mey8/jnThfjFceSr3TPOYuaD3nNIFjYdQ==",
      "requires": {
        "bson": "4.0.0",
        "fs-extra": "^6.0.1",
        "mongodb-stitch-core-sdk": "^4.1.0"
      }
    },
    "mongodb-stitch-server-sdk": {
      "version": "4.1.0",
      "resolved": "https://registry.npmjs.org/mongodb-stitch-server-sdk/-/mongodb-stitch-server-sdk-4.1.0.tgz",
      "integrity": "sha512-/jO4KZPn51DOQNAr56cjvK6htHHi25DkfiJu+s908gLzNcUGHoTbIsJL/hmcUbCf7aQX/pcTyJrVNjG3pnFy3Q==",
      "requires": {
        "mongodb-stitch-server-core": "^4.1.0",
        "mongodb-stitch-server-services-mongodb-remote": "^4.1.0"
      }
    },
    "mongodb-stitch-server-services-mongodb-remote": {
      "version": "4.1.0",
      "resolved": "https://registry.npmjs.org/mongodb-stitch-server-services-mongodb-remote/-/mongodb-stitch-server-services-mongodb-remote-4.1.0.tgz",
      "integrity": "sha512-P9izmrXlWTYuqCF9oTVeGpMAlquoCh6y/uAnNIsjWT9AE9AHtElGZXrgODuE9FuOe4nci8EajS1jyNGZepMYjw==",
      "requires": {
        "mongodb-stitch-core-services-mongodb-remote": "^4.1.0",
        "mongodb-stitch-server-core": "^4.1.0"
      }
    },
    "node-fetch": {
      "version": "2.1.2",
      "resolved": "http://registry.npmjs.org/node-fetch/-/node-fetch-2.1.2.tgz",
      "integrity": "sha1-q4hOjn5X44qUR1POxwb3iNF2i7U="
    },
    "universalify": {
      "version": "0.1.2",
      "resolved": "https://registry.npmjs.org/universalify/-/universalify-0.1.2.tgz",
      "integrity": "sha512-rBJeI5CXAlmy1pV+617WB9J63U6XcazHHF2f2dbJix4XzpUF0RS3Zbj0FGIOCAva5P/d/GBOYaACQ1w+0azUkg=="
    },
    "whatwg-fetch": {
      "version": "2.0.4",
      "resolved": "http://registry.npmjs.org/whatwg-fetch/-/whatwg-fetch-2.0.4.tgz",
      "integrity": "sha512-dcQ1GWpOD/eEQ97k66aiEVpNnapVj90/+R+SXTPYGHpYBBypfKJEQjLrvMZ7YXbKm21gXd4NcuxUTjiv1YtLng=="
    }
  }
}
